<Solution>
  <Project Path="SimpleShop.Api/SimpleShop.Api.csproj" />
  <Project Path="SimpleShop.Application/SimpleShop.Application.csproj" />
  <Project Path="SimpleShop.Domain.Test/SimpleShop.Domain.Test.csproj" />
  <Project Path="SimpleShop.Domain/SimpleShop.Domain.csproj" />
  <Project Path="SimpleShop.Infrastructure/SimpleShop.Infrastructure.csproj" />
</Solution>
